// !$*UTF8*$!
{
	archiveVersion = 1;
	classes = {
	};
	objectVersion = 48;
	objects = {

/* Begin PBXBuildFile section */
		5815357F1F7D5718007B4BAF /* flappy1.png in Resources */ = {isa = PBXBuildFile; fileRef = 5815357E1F7D56A4007B4BAF /* flappy1.png */; };
		581535801F7D572E007B4BAF /* flappy2.png in Resources */ = {isa = PBXBuildFile; fileRef = 5815357C1F7D56A3007B4BAF /* flappy2.png */; };
		581535811F7D5730007B4BAF /* pipe1.png in Resources */ = {isa = PBXBuildFile; fileRef = 5815357D1F7D56A3007B4BAF /* pipe1.png */; };
		581535821F7D5733007B4BAF /* pipe2.png in Resources */ = {isa = PBXBuildFile; fileRef = 5815357B1F7D56A3007B4BAF /* pipe2.png */; };
		581535831F7D5738007B4BAF /* background.png in Resources */ = {isa = PBXBuildFile; fileRef = 5815357A1F7D56A3007B4BAF /* background.png */; };
		587FAD1E1F7D4B55006E55B3 /* AppDelegate.swift in Sources */ = {isa = PBXBuildFile; fileRef = 587FAD1D1F7D4B55006E55B3 /* AppDelegate.swift */; };
		587FAD201F7D4B55006E55B3 /* GameScene.sks in Resources */ = {isa = PBXBuildFile; fileRef = 587FAD1F1F7D4B55006E55B3 /* GameScene.sks */; };
		587FAD221F7D4B55006E55B3 /* Actions.sks in Resources */ = {isa = PBXBuildFile; fileRef = 587FAD211F7D4B55006E55B3 /* Actions.sks */; };
		587FAD241F7D4B55006E55B3 /* GameScene.swift in Sources */ = {isa = PBXBuildFile; fileRef = 587FAD231F7D4B55006E55B3 /* GameScene.swift */; };
		587FAD261F7D4B55006E55B3 /* GameViewController.swift in Sources */ = {isa = PBXBuildFile; fileRef = 587FAD251F7D4B55006E55B3 /* GameViewController.swift */; };
		587FAD291F7D4B55006E55B3 /* Main.storyboard in Resources */ = {isa = PBXBuildFile; fileRef = 587FAD271F7D4B55006E55B3 /* Main.storyboard */; };
		587FAD2B1F7D4B55006E55B3 /* Assets.xcassets in Resources */ = {isa = PBXBuildFile; fileRef = 587FAD2A1F7D4B55006E55B3 /* Assets.xcassets */; };
		587FAD2E1F7D4B55006E55B3 /* LaunchScreen.storyboard in Resources */ = {isa = PBXBuildFile; fileRef = 587FAD2C1F7D4B55006E55B3 /* LaunchScreen.storyboard */; };
		587FAD391F7D4B55006E55B3 /* HappyBirdTests.swift in Sources */ = {isa = PBXBuildFile; fileRef = 587FAD381F7D4B55006E55B3 /* HappyBirdTests.swift */; };
		587FAD441F7D4B55006E55B3 /* HappyBirdUITests.swift in Sources */ = {isa = PBXBuildFile; fileRef = 587FAD431F7D4B55006E55B3 /* HappyBirdUITests.swift */; };
/* End PBXBuildFile section */

/* Begin PBXContainerItemProxy section */
		587FAD351F7D4B55006E55B3 /* PBXContainerItemProxy */ = {
			isa = PBXContainerItemProxy;
			containerPortal = 587FAD121F7D4B54006E55B3 /* Project object */;
			proxyType = 1;
			remoteGlobalIDString = 587FAD191F7D4B54006E55B3;
			remoteInfo = HappyBird;
		};
		587FAD401F7D4B55006E55B3 /* PBXContainerItemProxy */ = {
			isa = PBXContainerItemProxy;
			containerPortal = 587FAD121F7D4B54006E55B3 /* Project object */;
			proxyType = 1;
			remoteGlobalIDString = 587FAD191F7D4B54006E55B3;
			remoteInfo = HappyBird;
		};
/* End PBXContainerItemProxy section */

/* Begin PBXFileReference section */
		5815357A1F7D56A3007B4BAF /* background.png */ = {isa = PBXFileReference; lastKnownFileType = image.png; path = background.png; sourceTree = SOURCE_ROOT; };
		5815357B1F7D56A3007B4BAF /* pipe2.png */ = {isa = PBXFileReference; lastKnownFileType = image.png; path = pipe2.png; sourceTree = SOURCE_ROOT; };
		5815357C1F7D56A3007B4BAF /* flappy2.png */ = {isa = PBXFileReference; lastKnownFileType = image.png; path = flappy2.png; sourceTree = SOURCE_ROOT; };
		5815357D1F7D56A3007B4BAF /* pipe1.png */ = {isa = PBXFileReference; lastKnownFileType = image.png; path = pipe1.png; sourceTree = SOURCE_ROOT; };
		5815357E1F7D56A4007B4BAF /* flappy1.png */ = {isa = PBXFileReference; lastKnownFileType = image.png; path = flappy1.png; sourceTree = SOURCE_ROOT; };
		587FAD1A1F7D4B55006E55B3 /* HappyBird.app */ = {isa = PBXFileReference; explicitFileType = wrapper.application; includeInIndex = 0; path = HappyBird.app; sourceTree = BUILT_PRODUCTS_DIR; };
		587FAD1D1F7D4B55006E55B3 /* AppDelegate.swift */ = {isa = PBXFileReference; lastKnownFileType = sourcecode.swift; path = AppDelegate.swift; sourceTree = "<group>"; };
		587FAD1F1F7D4B55006E55B3 /* GameScene.sks */ = {isa = PBXFileReference; lastKnownFileType = file.sks; path = GameScene.sks; sourceTree = "<group>"; };
		587FAD211F7D4B55006E55B3 /* Actions.sks */ = {isa = PBXFileReference; lastKnownFileType = file.sks; path = Actions.sks; sourceTree = "<group>"; };
		587FAD231F7D4B55006E55B3 /* GameScene.swift */ = {isa = PBXFileReference; lastKnownFileType = sourcecode.swift; path = GameScene.swift; sourceTree = "<group>"; };
		587FAD251F7D4B55006E55B3 /* GameViewController.swift */ = {isa = PBXFileReference; lastKnownFileType = sourcecode.swift; path = GameViewController.swift; sourceTree = "<group>"; };
		587FAD281F7D4B55006E55B3 /* Base */ = {isa = PBXFileReference; lastKnownFileType = file.storyboard; name = Base; path = Base.lproj/Main.storyboard; sourceTree = "<group>"; };
		587FAD2A1F7D4B55006E55B3 /* Assets.xcassets */ = {isa = PBXFileReference; lastKnownFileType = folder.assetcatalog; path = Assets.xcassets; sourceTree = "<group>"; };
		587FAD2D1F7D4B55006E55B3 /* Base */ = {isa = PBXFileReference; lastKnownFileType = file.storyboard; name = Base; path = Base.lproj/LaunchScreen.storyboard; sourceTree = "<group>"; };
		587FAD2F1F7D4B55006E55B3 /* Info.plist */ = {isa = PBXFileReference; lastKnownFileType = text.plist.xml; path = Info.plist; sourceTree = "<group>"; };
		587FAD341F7D4B55006E55B3 /* HappyBirdTests.xctest */ = {isa = PBXFileReference; explicitFileType = wrapper.cfbundle; includeInIndex = 0; path = HappyBirdTests.xctest; sourceTree = BUILT_PRODUCTS_DIR; };
		587FAD381F7D4B55006E55B3 /* HappyBirdTests.swift */ = {isa = PBXFileReference; lastKnownFileType = sourcecode.swift; path = HappyBirdTests.swift; sourceTree = "<group>"; };
		587FAD3A1F7D4B55006E55B3 /* Info.plist */ = {isa = PBXFileReference; lastKnownFileType = text.plist.xml; path = Info.plist; sourceTree = "<group>"; };
		587FAD3F1F7D4B55006E55B3 /* HappyBirdUITests.xctest */ = {isa = PBXFileReference; explicitFileType = wrapper.cfbundle; includeInIndex = 0; path = HappyBirdUITests.xctest; sourceTree = BUILT_PRODUCTS_DIR; };
		587FAD431F7D4B55006E55B3 /* HappyBirdUITests.swift */ = {isa = PBXFileReference; lastKnownFileType = sourcecode.swift; path = HappyBirdUITests.swift; sourceTree = "<group>"; };
		587FAD451F7D4B55006E55B3 /* Info.plist */ = {isa = PBXFileReference; lastKnownFileType = text.plist.xml; path = Info.plist; sourceTree = "<group>"; };
/* End PBXFileReference section */

/* Begin PBXFrameworksBuildPhase section */
		587FAD171F7D4B54006E55B3 /* Frameworks */ = {
			isa = PBXFrameworksBuildPhase;
			buildActionMask = 2147483647;
			files = (
			);
			runOnlyForDeploymentPostprocessing = 0;
		};
		587FAD311F7D4B55006E55B3 /* Frameworks */ = {
			isa = PBXFrameworksBuildPhase;
			buildActionMask = 2147483647;
			files = (
			);
			runOnlyForDeploymentPostprocessing = 0;
		};
		587FAD3C1F7D4B55006E55B3 /* Frameworks */ = {
			isa = PBXFrameworksBuildPhase;
			buildActionMask = 2147483647;
			files = (
			);
			runOnlyForDeploymentPostprocessing = 0;
		};
/* End PBXFrameworksBuildPhase section */

/* Begin PBXGroup section */
		587FAD111F7D4B54006E55B3 = {
			isa = PBXGroup;
			children = (
				587FAD1C1F7D4B55006E55B3 /* HappyBird */,
				587FAD371F7D4B55006E55B3 /* HappyBirdTests */,
				587FAD421F7D4B55006E55B3 /* HappyBirdUITests */,
				587FAD1B1F7D4B55006E55B3 /* Products */,
			);
			sourceTree = "<group>";
		};
		587FAD1B1F7D4B55006E55B3 /* Products */ = {
			isa = PBXGroup;
			children = (
				587FAD1A1F7D4B55006E55B3 /* HappyBird.app */,
				587FAD341F7D4B55006E55B3 /* HappyBirdTests.xctest */,
				587FAD3F1F7D4B55006E55B3 /* HappyBirdUITests.xctest */,
			);
			name = Products;
			sourceTree = "<group>";
		};
		587FAD1C1F7D4B55006E55B3 /* HappyBird */ = {
			isa = PBXGroup;
			children = (
				587FAD1D1F7D4B55006E55B3 /* AppDelegate.swift */,
				587FAD1F1F7D4B55006E55B3 /* GameScene.sks */,
				587FAD211F7D4B55006E55B3 /* Actions.sks */,
				587FAD231F7D4B55006E55B3 /* GameScene.swift */,
				5815357A1F7D56A3007B4BAF /* background.png */,
				5815357E1F7D56A4007B4BAF /* flappy1.png */,
				5815357C1F7D56A3007B4BAF /* flappy2.png */,
				5815357D1F7D56A3007B4BAF /* pipe1.png */,
				5815357B1F7D56A3007B4BAF /* pipe2.png */,
				587FAD251F7D4B55006E55B3 /* GameViewController.swift */,
				587FAD271F7D4B55006E55B3 /* Main.storyboard */,
				587FAD2A1F7D4B55006E55B3 /* Assets.xcassets */,
				587FAD2C1F7D4B55006E55B3 /* LaunchScreen.storyboard */,
				587FAD2F1F7D4B55006E55B3 /* Info.plist */,
			);
			path = HappyBird;
			sourceTree = "<group>";
		};
		587FAD371F7D4B55006E55B3 /* HappyBirdTests */ = {
			isa = PBXGroup;
			children = (
				587FAD381F7D4B55006E55B3 /* HappyBirdTests.swift */,
				587FAD3A1F7D4B55006E55B3 /* Info.plist */,
			);
			path = HappyBirdTests;
			sourceTree = "<group>";
		};
		587FAD421F7D4B55006E55B3 /* HappyBirdUITests */ = {
			isa = PBXGroup;
			children = (
				587FAD431F7D4B55006E55B3 /* HappyBirdUITests.swift */,
				587FAD451F7D4B55006E55B3 /* Info.plist */,
			);
			path = HappyBirdUITests;
			sourceTree = "<group>";
		};
/* End PBXGroup section */

/* Begin PBXNativeTarget section */
		587FAD191F7D4B54006E55B3 /* HappyBird */ = {
			isa = PBXNativeTarget;
			buildConfigurationList = 587FAD481F7D4B55006E55B3 /* Build configuration list for PBXNativeTarget "HappyBird" */;
			buildPhases = (
				587FAD161F7D4B54006E55B3 /* Sources */,
				587FAD171F7D4B54006E55B3 /* Frameworks */,
				587FAD181F7D4B54006E55B3 /* Resources */,
			);
			buildRules = (
			);
			dependencies = (
			);
			name = HappyBird;
			productName = HappyBird;
			productReference = 587FAD1A1F7D4B55006E55B3 /* HappyBird.app */;
			productType = "com.apple.product-type.application";
		};
		587FAD331F7D4B55006E55B3 /* HappyBirdTests */ = {
			isa = PBXNativeTarget;
			buildConfigurationList = 587FAD4B1F7D4B55006E55B3 /* Build configuration list for PBXNativeTarget "HappyBirdTests" */;
			buildPhases = (
				587FAD301F7D4B55006E55B3 /* Sources */,
				587FAD311F7D4B55006E55B3 /* Frameworks */,
				587FAD321F7D4B55006E55B3 /* Resources */,
			);
			buildRules = (
			);
			dependencies = (
				587FAD361F7D4B55006E55B3 /* PBXTargetDependency */,
			);
			name = HappyBirdTests;
			productName = HappyBirdTests;
			productReference = 587FAD341F7D4B55006E55B3 /* HappyBirdTests.xctest */;
			productType = "com.apple.product-type.bundle.unit-test";
		};
		587FAD3E1F7D4B55006E55B3 /* HappyBirdUITests */ = {
			isa = PBXNativeTarget;
			buildConfigurationList = 587FAD4E1F7D4B55006E55B3 /* Build configuration list for PBXNativeTarget "HappyBirdUITests" */;
			buildPhases = (
				587FAD3B1F7D4B55006E55B3 /* Sources */,
				587FAD3C1F7D4B55006E55B3 /* Frameworks */,
				587FAD3D1F7D4B55006E55B3 /* Resources */,
			);
			buildRules = (
			);
			dependencies = (
				587FAD411F7D4B55006E55B3 /* PBXTargetDependency */,
			);
			name = HappyBirdUITests;
			productName = HappyBirdUITests;
			productReference = 587FAD3F1F7D4B55006E55B3 /* HappyBirdUITests.xctest */;
			productType = "com.apple.product-type.bundle.ui-testing";
		};
/* End PBXNativeTarget section */

/* Begin PBXProject section */
		587FAD121F7D4B54006E55B3 /* Project object */ = {
			isa = PBXProject;
			attributes = {
				LastSwiftUpdateCheck = 0900;
				LastUpgradeCheck = 0900;
				ORGANIZATIONNAME = "Pierre-Henry Soria";
				TargetAttributes = {
					587FAD191F7D4B54006E55B3 = {
						CreatedOnToolsVersion = 9.0;
						ProvisioningStyle = Automatic;
					};
					587FAD331F7D4B55006E55B3 = {
						CreatedOnToolsVersion = 9.0;
						ProvisioningStyle = Automatic;
						TestTargetID = 587FAD191F7D4B54006E55B3;
					};
					587FAD3E1F7D4B55006E55B3 = {
						CreatedOnToolsVersion = 9.0;
						ProvisioningStyle = Automatic;
						TestTargetID = 587FAD191F7D4B54006E55B3;
					};
				};
			};
			buildConfigurationList = 587FAD151F7D4B54006E55B3 /* Build configuration list for PBXProject "HappyBird" */;
			compatibilityVersion = "Xcode 8.0";
			developmentRegion = en;
			hasScannedForEncodings = 0;
			knownRegions = (
				en,
				Base,
			);
			mainGroup = 587FAD111F7D4B54006E55B3;
			productRefGroup = 587FAD1B1F7D4B55006E55B3 /* Products */;
			projectDirPath = "";
			projectRoot = "";
			targets = (
				587FAD191F7D4B54006E55B3 /* HappyBird */,
				587FAD331F7D4B55006E55B3 /* HappyBirdTests */,
				587FAD3E1F7D4B55006E55B3 /* HappyBirdUITests */,
			);
		};
/* End PBXProject section */

/* Begin PBXResourcesBuildPhase section */
		587FAD181F7D4B54006E55B3 /* Resources */ = {
			isa = PBXResourcesBuildPhase;
			buildActionMask = 2147483647;
			files = (
				581535801F7D572E007B4BAF /* flappy2.png in Resources */,
				581535831F7D5738007B4BAF /* background.png in Resources */,
				587FAD291F7D4B55006E55B3 /* Main.storyboard in Resources */,
				587FAD201F7D4B55006E55B3 /* GameScene.sks in Resources */,
				581535811F7D5730007B4BAF /* pipe1.png in Resources */,
				587FAD2B1F7D4B55006E55B3 /* Assets.xcassets in Resources */,
				581535821F7D5733007B4BAF /* pipe2.png in Resources */,
				587FAD2E1F7D4B55006E55B3 /* LaunchScreen.storyboard in Resources */,
				587FAD221F7D4B55006E55B3 /* Actions.sks in Resources */,
				5815357F1F7D5718007B4BAF /* flappy1.png in Resources */,
			);
			runOnlyForDeploymentPostprocessing = 0;
		};
		587FAD321F7D4B55006E55B3 /* Resources */ = {
			isa = PBXResourcesBuildPhase;
			buildActionMask = 2147483647;
			files = (
			);
			runOnlyForDeploymentPostprocessing = 0;
		};
		587FAD3D1F7D4B55006E55B3 /* Resources */ = {
			isa = PBXResourcesBuildPhase;
			buildActionMask = 2147483647;
			files = (
			);
			runOnlyForDeploymentPostprocessing = 0;
		};
/* End PBXResourcesBuildPhase section */

/* Begin PBXSourcesBuildPhase section */
		587FAD161F7D4B54006E55B3 /* Sources */ = {
			isa = PBXSourcesBuildPhase;
			buildActionMask = 2147483647;
			files = (
				587FAD241F7D4B55006E55B3 /* GameScene.swift in Sources */,
				587FAD261F7D4B55006E55B3 /* GameViewController.swift in Sources */,
				587FAD1E1F7D4B55006E55B3 /* AppDelegate.swift in Sources */,
			);
			runOnlyForDeploymentPostprocessing = 0;
		};
		587FAD301F7D4B55006E55B3 /* Sources */ = {
			isa = PBXSourcesBuildPhase;
			buildActionMask = 2147483647;
			files = (
				587FAD391F7D4B55006E55B3 /* HappyBirdTests.swift in Sources */,
			);
			runOnlyForDeploymentPostprocessing = 0;
		};
		587FAD3B1F7D4B55006E55B3 /* Sources */ = {
			isa = PBXSourcesBuildPhase;
			buildActionMask = 2147483647;
			files = (
				587FAD441F7D4B55006E55B3 /* HappyBirdUITests.swift in Sources */,
			);
			runOnlyForDeploymentPostprocessing = 0;
		};
/* End PBXSourcesBuildPhase section */

/* Begin PBXTargetDependency section */
		587FAD361F7D4B55006E55B3 /* PBXTargetDependency */ = {
			isa = PBXTargetDependency;
			target = 587FAD191F7D4B54006E55B3 /* HappyBird */;
			targetProxy = 587FAD351F7D4B55006E55B3 /* PBXContainerItemProxy */;
		};
		587FAD411F7D4B55006E55B3 /* PBXTargetDependency */ = {
			isa = PBXTargetDependency;
			target = 587FAD191F7D4B54006E55B3 /* HappyBird */;
			targetProxy = 587FAD401F7D4B55006E55B3 /* PBXContainerItemProxy */;
		};
/* End PBXTargetDependency section */

/* Begin PBXVariantGroup section */
		587FAD271F7D4B55006E55B3 /* Main.storyboard */ = {
			isa = PBXVariantGroup;
			children = (
				587FAD281F7D4B55006E55B3 /* Base */,
			);
			name = Main.storyboard;
			sourceTree = "<group>";
		};
		587FAD2C1F7D4B55006E55B3 /* LaunchScreen.storyboard */ = {
			isa = PBXVariantGroup;
			children = (
				587FAD2D1F7D4B55006E55B3 /* Base */,
			);
			name = LaunchScreen.storyboard;
			sourceTree = "<group>";
		};
/* End PBXVariantGroup section */

/* Begin XCBuildConfiguration section */
		587FAD461F7D4B55006E55B3 /* Debug */ = {
			isa = XCBuildConfiguration;
			buildSettings = {
				ALWAYS_SEARCH_USER_PATHS = NO;
				CLANG_ANALYZER_NONNULL = YES;
				CLANG_ANALYZER_NUMBER_OBJECT_CONVERSION = YES_AGGRESSIVE;
				CLANG_CXX_LANGUAGE_STANDARD = "gnu++14";
				CLANG_CXX_LIBRARY = "libc++";
				CLANG_ENABLE_MODULES = YES;
				CLANG_ENABLE_OBJC_ARC = YES;
				CLANG_WARN_BLOCK_CAPTURE_AUTORELEASING = YES;
				CLANG_WARN_BOOL_CONVERSION = YES;
				CLANG_WARN_COMMA = YES;
				CLANG_WARN_CONSTANT_CONVERSION = YES;
				CLANG_WARN_DIRECT_OBJC_ISA_USAGE = YES_ERROR;
				CLANG_WARN_DOCUMENTATION_COMMENTS = YES;
				CLANG_WARN_EMPTY_BODY = YES;
				CLANG_WARN_ENUM_CONVERSION = YES;
				CLANG_WARN_INFINITE_RECURSION = YES;
				CLANG_WARN_INT_CONVERSION = YES;
				CLANG_WARN_NON_LITERAL_NULL_CONVERSION = YES;
				CLANG_WARN_OBJC_LITERAL_CONVERSION = YES;
				CLANG_WARN_OBJC_ROOT_CLASS = YES_ERROR;
				CLANG_WARN_RANGE_LOOP_ANALYSIS = YES;
				CLANG_WARN_STRICT_PROTOTYPES = YES;
				CLANG_WARN_SUSPICIOUS_MOVE = YES;
				CLANG_WARN_UNGUARDED_AVAILABILITY = YES_AGGRESSIVE;
				CLANG_WARN_UNREACHABLE_CODE = YES;
				CLANG_WARN__DUPLICATE_METHOD_MATCH = YES;
				CODE_SIGN_IDENTITY = "iPhone Developer";
				COPY_PHASE_STRIP = NO;
				DEBUG_INFORMATION_FORMAT = dwarf;
				ENABLE_STRICT_OBJC_MSGSEND = YES;
				ENABLE_TESTABILITY = YES;
				GCC_C_LANGUAGE_STANDARD = gnu11;
				GCC_DYNAMIC_NO_PIC = NO;
				GCC_NO_COMMON_BLOCKS = YES;
				GCC_OPTIMIZATION_LEVEL = 0;
				GCC_PREPROCESSOR_DEFINITIONS = (
					"DEBUG=1",
					"$(inherited)",
				);
				GCC_WARN_64_TO_32_BIT_CONVERSION = YES;
				GCC_WARN_ABOUT_RETURN_TYPE = YES_ERROR;
				GCC_WARN_UNDECLARED_SELECTOR = YES;
				GCC_WARN_UNINITIALIZED_AUTOS = YES_AGGRESSIVE;
				GCC_WARN_UNUSED_FUNCTION = YES;
				GCC_WARN_UNUSED_VARIABLE = YES;
				IPHONEOS_DEPLOYMENT_TARGET = 11.0;
				MTL_ENABLE_DEBUG_INFO = YES;
				ONLY_ACTIVE_ARCH = YES;
				SDKROOT = iphoneos;
				SWIFT_ACTIVE_COMPILATION_CONDITIONS = DEBUG;
				SWIFT_OPTIMIZATION_LEVEL = "-Onone";
			};
			name = Debug;
		};
		587FAD471F7D4B55006E55B3 /* Release */ = {
			isa = XCBuildConfiguration;
			buildSettings = {
				ALWAYS_SEARCH_USER_PATHS = NO;
				CLANG_ANALYZER_NONNULL = YES;
				CLANG_ANALYZER_NUMBER_OBJECT_CONVERSION = YES_AGGRESSIVE;
				CLANG_CXX_LANGUAGE_STANDARD = "gnu++14";
				CLANG_CXX_LIBRARY = "libc++";
				CLANG_ENABLE_MODULES = YES;
				CLANG_ENABLE_OBJC_ARC = YES;
				CLANG_WARN_BLOCK_CAPTURE_AUTORELEASING = YES;
				CLANG_WARN_BOOL_CONVERSION = YES;
				CLANG_WARN_COMMA = YES;
				CLANG_WARN_CONSTANT_CONVERSION = YES;
				CLANG_WARN_DIRECT_OBJC_ISA_USAGE = YES_ERROR;
				CLANG_WARN_DOCUMENTATION_COMMENTS = YES;
				CLANG_WARN_EMPTY_BODY = YES;
				CLANG_WARN_ENUM_CONVERSION = YES;
				CLANG_WARN_INFINITE_RECURSION = YES;
				CLANG_WARN_INT_CONVERSION = YES;
				CLANG_WARN_NON_LITERAL_NULL_CONVERSION = YES;
				CLANG_WARN_OBJC_LITERAL_CONVERSION = YES;
				CLANG_WARN_OBJC_ROOT_CLASS = YES_ERROR;
				CLANG_WARN_RANGE_LOOP_ANALYSIS = YES;
				CLANG_WARN_STRICT_PROTOTYPES = YES;
				CLANG_WARN_SUSPICIOUS_MOVE = YES;
				CLANG_WARN_UNGUARDED_AVAILABILITY = YES_AGGRESSIVE;
				CLANG_WARN_UNREACHABLE_CODE = YES;
				CLANG_WARN__DUPLICATE_METHOD_MATCH = YES;
				CODE_SIGN_IDENTITY = "iPhone Developer";
				COPY_PHASE_STRIP = NO;
				DEBUG_INFORMATION_FORMAT = "dwarf-with-dsym";
				ENABLE_NS_ASSERTIONS = NO;
				ENABLE_STRICT_OBJC_MSGSEND = YES;
				GCC_C_LANGUAGE_STANDARD = gnu11;
				GCC_NO_COMMON_BLOCKS = YES;
				GCC_WARN_64_TO_32_BIT_CONVERSION = YES;
				GCC_WARN_ABOUT_RETURN_TYPE = YES_ERROR;
				GCC_WARN_UNDECLARED_SELECTOR = YES;
				GCC_WARN_UNINITIALIZED_AUTOS = YES_AGGRESSIVE;
				GCC_WARN_UNUSED_FUNCTION = YES;
				GCC_WARN_UNUSED_VARIABLE = YES;
				IPHONEOS_DEPLOYMENT_TARGET = 11.0;
				MTL_ENABLE_DEBUG_INFO = NO;
				SDKROOT = iphoneos;
				SWIFT_OPTIMIZATION_LEVEL = "-Owholemodule";
				VALIDATE_PRODUCT = YES;
			};
			name = Release;
		};
		587FAD491F7D4B55006E55B3 /* Debug */ = {
			isa = XCBuildConfiguration;
			buildSettings = {
				ASSETCATALOG_COMPILER_APPICON_NAME = AppIcon;
				CODE_SIGN_STYLE = Automatic;
				INFOPLIST_FILE = HappyBird/Info.plist;
				LD_RUNPATH_SEARCH_PATHS = "$(inherited) @executable_path/Frameworks";
				PRODUCT_BUNDLE_IDENTIFIER = me.ph7.HappyBird;
				PRODUCT_NAME = "$(TARGET_NAME)";
				SWIFT_VERSION = 4.0;
				TARGETED_DEVICE_FAMILY = "1,2";
			};
			name = Debug;
		};
		587FAD4A1F7D4B55006E55B3 /* Release */ = {
			isa = XCBuildConfiguration;
			buildSettings = {
				ASSETCATALOG_COMPILER_APPICON_NAME = AppIcon;
				CODE_SIGN_STYLE = Automatic;
				INFOPLIST_FILE = HappyBird/Info.plist;
				LD_RUNPATH_SEARCH_PATHS = "$(inherited) @executable_path/Frameworks";
				PRODUCT_BUNDLE_IDENTIFIER = me.ph7.HappyBird;
				PRODUCT_NAME = "$(TARGET_NAME)";
				SWIFT_VERSION = 4.0;
				TARGETED_DEVICE_FAMILY = "1,2";
			};
			name = Release;
		};
		587FAD4C1F7D4B55006E55B3 /* Debug */ = {
			isa = XCBuildConfiguration;
			buildSettings = {
				ALWAYS_EMBED_SWIFT_STANDARD_LIBRARIES = YES;
				BUNDLE_LOADER = "$(TEST_HOST)";
				CODE_SIGN_STYLE = Automatic;
				INFOPLIST_FILE = HappyBirdTests/Info.plist;
				LD_RUNPATH_SEARCH_PATHS = "$(inherited) @executable_path/Frameworks @loader_path/Frameworks";
				PRODUCT_BUNDLE_IDENTIFIER = me.ph7.HappyBirdTests;
				PRODUCT_NAME = "$(TARGET_NAME)";
				SWIFT_VERSION = 4.0;
				TARGETED_DEVICE_FAMILY = "1,2";
				TEST_HOST = "$(BUILT_PRODUCTS_DIR)/HappyBird.app/HappyBird";
			};
			name = Debug;
		};
		587FAD4D1F7D4B55006E55B3 /* Release */ = {
			isa = XCBuildConfiguration;
			buildSettings = {
				ALWAYS_EMBED_SWIFT_STANDARD_LIBRARIES = YES;
				BUNDLE_LOADER = "$(TEST_HOST)";
				CODE_SIGN_STYLE = Automatic;
				INFOPLIST_FILE = HappyBirdTests/Info.plist;
				LD_RUNPATH_SEARCH_PATHS = "$(inherited) @executable_path/Frameworks @loader_path/Frameworks";
				PRODUCT_BUNDLE_IDENTIFIER = me.ph7.HappyBirdTests;
				PRODUCT_NAME = "$(TARGET_NAME)";
				SWIFT_VERSION = 4.0;
				TARGETED_DEVICE_FAMILY = "1,2";
				TEST_HOST = "$(BUILT_PRODUCTS_DIR)/HappyBird.app/HappyBird";
			};
			name = Release;
		};
		587FAD4F1F7D4B55006E55B3 /* Debug */ = {
			isa = XCBuildConfiguration;
			buildSettings = {
				ALWAYS_EMBED_SWIFT_STANDARD_LIBRARIES = YES;
				CODE_SIGN_STYLE = Automatic;
				INFOPLIST_FILE = HappyBirdUITests/Info.plist;
				LD_RUNPATH_SEARCH_PATHS = "$(inherited) @executable_path/Frameworks @loader_path/Frameworks";
				PRODUCT_BUNDLE_IDENTIFIER = me.ph7.HappyBirdUITests;
				PRODUCT_NAME = "$(TARGET_NAME)";
				SWIFT_VERSION = 4.0;
				TARGETED_DEVICE_FAMILY = "1,2";
				TEST_TARGET_NAME = HappyBird;
			};
			name = Debug;
		};
		587FAD501F7D4B55006E55B3 /* Release */ = {
			isa = XCBuildConfiguration;
			buildSettings = {
				ALWAYS_EMBED_SWIFT_STANDARD_LIBRARIES = YES;
				CODE_SIGN_STYLE = Automatic;
				INFOPLIST_FILE = HappyBirdUITests/Info.plist;
				LD_RUNPATH_SEARCH_PATHS = "$(inherited) @executable_path/Frameworks @loader_path/Frameworks";
				PRODUCT_BUNDLE_IDENTIFIER = me.ph7.HappyBirdUITests;
				PRODUCT_NAME = "$(TARGET_NAME)";
				SWIFT_VERSION = 4.0;
				TARGETED_DEVICE_FAMILY = "1,2";
				TEST_TARGET_NAME = HappyBird;
			};
			name = Release;
		};
/* End XCBuildConfiguration section */

/* Begin XCConfigurationList section */
		587FAD151F7D4B54006E55B3 /* Build configuration list for PBXProject "HappyBird" */ = {
			isa = XCConfigurationList;
			buildConfigurations = (
				587FAD461F7D4B55006E55B3 /* Debug */,
				587FAD471F7D4B55006E55B3 /* Release */,
			);
			defaultConfigurationIsVisible = 0;
			defaultConfigurationName = Release;
		};
		587FAD481F7D4B55006E55B3 /* Build configuration list for PBXNativeTarget "HappyBird" */ = {
			isa = XCConfigurationList;
			buildConfigurations = (
				587FAD491F7D4B55006E55B3 /* Debug */,
				587FAD4A1F7D4B55006E55B3 /* Release */,
			);
			defaultConfigurationIsVisible = 0;
			defaultConfigurationName = Release;
		};
		587FAD4B1F7D4B55006E55B3 /* Build configuration list for PBXNativeTarget "HappyBirdTests" */ = {
			isa = XCConfigurationList;
			buildConfigurations = (
				587FAD4C1F7D4B55006E55B3 /* Debug */,
				587FAD4D1F7D4B55006E55B3 /* Release */,
			);
			defaultConfigurationIsVisible = 0;
			defaultConfigurationName = Release;
		};
		587FAD4E1F7D4B55006E55B3 /* Build configuration list for PBXNativeTarget "HappyBirdUITests" */ = {
			isa = XCConfigurationList;
			buildConfigurations = (
				587FAD4F1F7D4B55006E55B3 /* Debug */,
				587FAD501F7D4B55006E55B3 /* Release */,
			);
			defaultConfigurationIsVisible = 0;
			defaultConfigurationName = Release;
		};
/* End XCConfigurationList section */
	};
	rootObject = 587FAD121F7D4B54006E55B3 /* Project object */;
}
